
Microsoft Visual Studio Solution File, Format Version 12.00
# Visual Studio 15
VisualStudioVersion = 15.0.28307.421
MinimumVisualStudioVersion = 10.0.40219.1
Project("{FAE04EC0-301F-11D3-BF4B-00C04F79EFBC}") = "EfCoreTutorial", "EfCoreTutorial\EfCoreTutorial.csproj", "{C4012925-91DF-43C0-BF08-CA1C0207C32F}"
EndProject
Global
	GlobalSection(SolutionConfigurationPlatforms) = preSolution
		Debug|Any CPU = Debug|Any CPU
		Release|Any CPU = Release|Any CPU
	EndGlobalSection
	GlobalSection(ProjectConfigurationPlatforms) = postSolution
		{C4012925-91DF-43C0-BF08-CA1C0207C32F}.Debug|Any CPU.ActiveCfg = Debug|Any CPU
		{C4012925-91DF-43C0-BF08-CA1C0207C32F}.Debug|Any CPU.Build.0 = Debug|Any CPU
		{C4012925-91DF-43C0-BF08-CA1C0207C32F}.Release|Any CPU.ActiveCfg = Release|Any CPU
		{C4012925-91DF-43C0-BF08-CA1C0207C32F}.Release|Any CPU.Build.0 = Release|Any CPU
	EndGlobalSection
	GlobalSection(SolutionProperties) = preSolution
		HideSolutionNode = FALSE
	EndGlobalSection
	GlobalSection(ExtensibilityGlobals) = postSolution
		SolutionGuid = {EE40BCFB-698B-4013-92D8-317B4A2BC67C}
	EndGlobalSection
EndGlobal
